
Microsoft Visual Studio Solution File, Format Version 12.00
# Visual Studio Version 16
VisualStudioVersion = 25.0.1706.0
MinimumVisualStudioVersion = 10.0.40219.1
Project("{FAE04EC0-301F-11D3-BF4B-00C04F79EFBC}") = "FarmMarket.Blazor", "FarmMarket.Blazor\FarmMarket.Blazor.csproj", "{ED719E53-551F-4456-A729-9A925C055492}"
EndProject
Global
	GlobalSection(SolutionConfigurationPlatforms) = preSolution
		Debug|Any CPU = Debug|Any CPU
		Release|Any CPU = Release|Any CPU
	EndGlobalSection
	GlobalSection(ProjectConfigurationPlatforms) = postSolution
		{ED719E53-551F-4456-A729-9A925C055492}.Debug|Any CPU.ActiveCfg = Debug|Any CPU
		{ED719E53-551F-4456-A729-9A925C055492}.Debug|Any CPU.Build.0 = Debug|Any CPU
		{ED719E53-551F-4456-A729-9A925C055492}.Release|Any CPU.ActiveCfg = Release|Any CPU
		{ED719E53-551F-4456-A729-9A925C055492}.Release|Any CPU.Build.0 = Release|Any CPU
	EndGlobalSection
	GlobalSection(SolutionProperties) = preSolution
		HideSolutionNode = FALSE
	EndGlobalSection
	GlobalSection(ExtensibilityGlobals) = postSolution
		SolutionGuid = {65F8BA52-C2F8-4BD4-9264-8CA24DF1E1F9}
	EndGlobalSection
EndGlobal
